
Microsoft Visual Studio Solution File, Format Version 12.00
# Visual Studio 15
VisualStudioVersion = 15.0.27130.2024
MinimumVisualStudioVersion = 10.0.40219.1
Project("{FAE04EC0-301F-11D3-BF4B-00C04F79EFBC}") = "hMailServer.Console", "hMailServer.Console\hMailServer.Console.csproj", "{9DC5B7F7-796A-48F7-B5D4-8A077141F587}"
EndProject
Project("{FAE04EC0-301F-11D3-BF4B-00C04F79EFBC}") = "hMailServer.Entities", "hMailServer.Entities\hMailServer.Entities.csproj", "{7DA089B7-2F06-4C63-8024-1B7BDD25124D}"
EndProject
Project("{FAE04EC0-301F-11D3-BF4B-00C04F79EFBC}") = "hMailServer.Repository", "hMailServer.Repository\hMailServer.Repository.csproj", "{003A1B95-50F5-468E-8388-2244AFEFCE2D}"
EndProject
Project("{FAE04EC0-301F-11D3-BF4B-00C04F79EFBC}") = "hMailServer.Core", "hMailServer.Core\hMailServer.Core.csproj", "{99E4B871-DF22-44E4-B957-15240DE9E456}"
EndProject
Project("{FAE04EC0-301F-11D3-BF4B-00C04F79EFBC}") = "hMailServer.Core.IntegrationTests", "hMailServer.Core.IntegrationTests\hMailServer.Core.IntegrationTests.csproj", "{528CF391-54E4-4859-AA23-2CDAE60DD7A5}"
EndProject
Project("{FAE04EC0-301F-11D3-BF4B-00C04F79EFBC}") = "hMailServer.Core.StressTests", "hMailServer.Core.StressTests\hMailServer.Core.StressTests.csproj", "{B7740EBD-2BA7-4D59-8BB9-BAFD8B3BAD9B}"
EndProject
Project("{FAE04EC0-301F-11D3-BF4B-00C04F79EFBC}") = "hMailServer.Core.Tests", "hMailServer.Core.Tests\hMailServer.Core.Tests.csproj", "{D1BD008C-EA12-4D06-9C3A-A1AE67B1A7C4}"
EndProject
Project("{FAE04EC0-301F-11D3-BF4B-00C04F79EFBC}") = "hMailServer.Tests.Common", "hMailServer.Tests.Common\hMailServer.Tests.Common.csproj", "{D3FF582D-F751-4964-8B03-7EFB8FEB45A9}"
EndProject
Project("{FAE04EC0-301F-11D3-BF4B-00C04F79EFBC}") = "hMailServer.Repository.MySQL", "hMailServer.Repository.MySQL\hMailServer.Repository.MySQL.csproj", "{6D3D33BB-2EC6-4824-AD90-B6798D74AC6A}"
EndProject
Project("{FAE04EC0-301F-11D3-BF4B-00C04F79EFBC}") = "hMailServer.Repository.RelationalShared", "hMailServer.Repository.RelationalShared\hMailServer.Repository.RelationalShared.csproj", "{5FF024B2-4CC1-4DF9-BA54-655C9535B363}"
EndProject
Project("{FAE04EC0-301F-11D3-BF4B-00C04F79EFBC}") = "hMailServer.Crypto", "hMailServer.Crypto\hMailServer.Crypto.csproj", "{2C62EAD4-429E-4A74-84A5-9EC0C3891EC2}"
EndProject
Project("{FAE04EC0-301F-11D3-BF4B-00C04F79EFBC}") = "hMailServer.Dns", "hMailServer.Dns\hMailServer.Dns.csproj", "{52190C12-9F63-424E-9DE0-7AF864AF6846}"
EndProject
Global
	GlobalSection(SolutionConfigurationPlatforms) = preSolution
		Debug|Any CPU = Debug|Any CPU
		Release|Any CPU = Release|Any CPU
	EndGlobalSection
	GlobalSection(ProjectConfigurationPlatforms) = postSolution
		{9DC5B7F7-796A-48F7-B5D4-8A077141F587}.Debug|Any CPU.ActiveCfg = Debug|Any CPU
		{9DC5B7F7-796A-48F7-B5D4-8A077141F587}.Debug|Any CPU.Build.0 = Debug|Any CPU
		{9DC5B7F7-796A-48F7-B5D4-8A077141F587}.Release|Any CPU.ActiveCfg = Release|Any CPU
		{9DC5B7F7-796A-48F7-B5D4-8A077141F587}.Release|Any CPU.Build.0 = Release|Any CPU
		{7DA089B7-2F06-4C63-8024-1B7BDD25124D}.Debug|Any CPU.ActiveCfg = Debug|Any CPU
		{7DA089B7-2F06-4C63-8024-1B7BDD25124D}.Debug|Any CPU.Build.0 = Debug|Any CPU
		{7DA089B7-2F06-4C63-8024-1B7BDD25124D}.Release|Any CPU.ActiveCfg = Release|Any CPU
		{7DA089B7-2F06-4C63-8024-1B7BDD25124D}.Release|Any CPU.Build.0 = Release|Any CPU
		{003A1B95-50F5-468E-8388-2244AFEFCE2D}.Debug|Any CPU.ActiveCfg = Debug|Any CPU
		{003A1B95-50F5-468E-8388-2244AFEFCE2D}.Debug|Any CPU.Build.0 = Debug|Any CPU
		{003A1B95-50F5-468E-8388-2244AFEFCE2D}.Release|Any CPU.ActiveCfg = Release|Any CPU
		{003A1B95-50F5-468E-8388-2244AFEFCE2D}.Release|Any CPU.Build.0 = Release|Any CPU
		{99E4B871-DF22-44E4-B957-15240DE9E456}.Debug|Any CPU.ActiveCfg = Debug|Any CPU
		{99E4B871-DF22-44E4-B957-15240DE9E456}.Debug|Any CPU.Build.0 = Debug|Any CPU
		{99E4B871-DF22-44E4-B957-15240DE9E456}.Release|Any CPU.ActiveCfg = Release|Any CPU
		{99E4B871-DF22-44E4-B957-15240DE9E456}.Release|Any CPU.Build.0 = Release|Any CPU
		{528CF391-54E4-4859-AA23-2CDAE60DD7A5}.Debug|Any CPU.ActiveCfg = Debug|Any CPU
		{528CF391-54E4-4859-AA23-2CDAE60DD7A5}.Debug|Any CPU.Build.0 = Debug|Any CPU
		{528CF391-54E4-4859-AA23-2CDAE60DD7A5}.Release|Any CPU.ActiveCfg = Release|Any CPU
		{528CF391-54E4-4859-AA23-2CDAE60DD7A5}.Release|Any CPU.Build.0 = Release|Any CPU
		{B7740EBD-2BA7-4D59-8BB9-BAFD8B3BAD9B}.Debug|Any CPU.ActiveCfg = Debug|Any CPU
		{B7740EBD-2BA7-4D59-8BB9-BAFD8B3BAD9B}.Debug|Any CPU.Build.0 = Debug|Any CPU
		{B7740EBD-2BA7-4D59-8BB9-BAFD8B3BAD9B}.Release|Any CPU.ActiveCfg = Release|Any CPU
		{B7740EBD-2BA7-4D59-8BB9-BAFD8B3BAD9B}.Release|Any CPU.Build.0 = Release|Any CPU
		{D1BD008C-EA12-4D06-9C3A-A1AE67B1A7C4}.Debug|Any CPU.ActiveCfg = Debug|Any CPU
		{D1BD008C-EA12-4D06-9C3A-A1AE67B1A7C4}.Debug|Any CPU.Build.0 = Debug|Any CPU
		{D1BD008C-EA12-4D06-9C3A-A1AE67B1A7C4}.Release|Any CPU.ActiveCfg = Release|Any CPU
		{D1BD008C-EA12-4D06-9C3A-A1AE67B1A7C4}.Release|Any CPU.Build.0 = Release|Any CPU
		{D3FF582D-F751-4964-8B03-7EFB8FEB45A9}.Debug|Any CPU.ActiveCfg = Debug|Any CPU
		{D3FF582D-F751-4964-8B03-7EFB8FEB45A9}.Debug|Any CPU.Build.0 = Debug|Any CPU
		{D3FF582D-F751-4964-8B03-7EFB8FEB45A9}.Release|Any CPU.ActiveCfg = Release|Any CPU
		{D3FF582D-F751-4964-8B03-7EFB8FEB45A9}.Release|Any CPU.Build.0 = Release|Any CPU
		{6D3D33BB-2EC6-4824-AD90-B6798D74AC6A}.Debug|Any CPU.ActiveCfg = Debug|Any CPU
		{6D3D33BB-2EC6-4824-AD90-B6798D74AC6A}.Debug|Any CPU.Build.0 = Debug|Any CPU
		{6D3D33BB-2EC6-4824-AD90-B6798D74AC6A}.Release|Any CPU.ActiveCfg = Release|Any CPU
		{6D3D33BB-2EC6-4824-AD90-B6798D74AC6A}.Release|Any CPU.Build.0 = Release|Any CPU
		{5FF024B2-4CC1-4DF9-BA54-655C9535B363}.Debug|Any CPU.ActiveCfg = Debug|Any CPU
		{5FF024B2-4CC1-4DF9-BA54-655C9535B363}.Debug|Any CPU.Build.0 = Debug|Any CPU
		{5FF024B2-4CC1-4DF9-BA54-655C9535B363}.Release|Any CPU.ActiveCfg = Release|Any CPU
		{5FF024B2-4CC1-4DF9-BA54-655C9535B363}.Release|Any CPU.Build.0 = Release|Any CPU
		{2C62EAD4-429E-4A74-84A5-9EC0C3891EC2}.Debug|Any CPU.ActiveCfg = Debug|Any CPU
		{2C62EAD4-429E-4A74-84A5-9EC0C3891EC2}.Debug|Any CPU.Build.0 = Debug|Any CPU
		{2C62EAD4-429E-4A74-84A5-9EC0C3891EC2}.Release|Any CPU.ActiveCfg = Release|Any CPU
		{2C62EAD4-429E-4A74-84A5-9EC0C3891EC2}.Release|Any CPU.Build.0 = Release|Any CPU
		{52190C12-9F63-424E-9DE0-7AF864AF6846}.Debug|Any CPU.ActiveCfg = Debug|Any CPU
		{52190C12-9F63-424E-9DE0-7AF864AF6846}.Debug|Any CPU.Build.0 = Debug|Any CPU
		{52190C12-9F63-424E-9DE0-7AF864AF6846}.Release|Any CPU.ActiveCfg = Release|Any CPU
		{52190C12-9F63-424E-9DE0-7AF864AF6846}.Release|Any CPU.Build.0 = Release|Any CPU
	EndGlobalSection
	GlobalSection(SolutionProperties) = preSolution
		HideSolutionNode = FALSE
	EndGlobalSection
	GlobalSection(ExtensibilityGlobals) = postSolution
		SolutionGuid = {3569EA36-5AE4-4159-8A36-9C0B98959E24}
	EndGlobalSection
EndGlobal
